
Microsoft Visual Studio Solution File, Format Version 12.00
# Visual Studio Version 17
VisualStudioVersion = 17.8.34330.188
MinimumVisualStudioVersion = 10.0.40219.1
Project("{FAE04EC0-301F-11D3-BF4B-00C04F79EFBC}") = "Obligatorio2024", "Obligatorio2024.csproj", "{39169BE8-5984-448E-A440-D9E4654D3835}"
EndProject
Global
	GlobalSection(SolutionConfigurationPlatforms) = preSolution
		Debug|Any CPU = Debug|Any CPU
		Release|Any CPU = Release|Any CPU
	EndGlobalSection
	GlobalSection(ProjectConfigurationPlatforms) = postSolution
		{39169BE8-5984-448E-A440-D9E4654D3835}.Debug|Any CPU.ActiveCfg = Debug|Any CPU
		{39169BE8-5984-448E-A440-D9E4654D3835}.Debug|Any CPU.Build.0 = Debug|Any CPU
		{39169BE8-5984-448E-A440-D9E4654D3835}.Release|Any CPU.ActiveCfg = Release|Any CPU
		{39169BE8-5984-448E-A440-D9E4654D3835}.Release|Any CPU.Build.0 = Release|Any CPU
	EndGlobalSection
	GlobalSection(SolutionProperties) = preSolution
		HideSolutionNode = FALSE
	EndGlobalSection
	GlobalSection(ExtensibilityGlobals) = postSolution
		SolutionGuid = {05A1C89A-CCA4-4618-8F97-768B51919FE6}
	EndGlobalSection
EndGlobal
